# THIS IS AN AUTOGENERATED FILE. DO NOT EDIT THIS FILE DIRECTLY.
# yarn lockfile v1


"@gzuidhof/go-npm@^0.1.13":
  version "0.1.13"
  resolved "https://registry.yarnpkg.com/@gzuidhof/go-npm/-/go-npm-0.1.13.tgz#a582dba2fa1e1aada09f8a3e017a93514efc33e4"
  integrity sha512-45nOc+/Elll2f1xrFQU7rrpcpl1AIPgi3x04sGizbUUdtyreM8v2QFcpr5gACfYxt9P9wXPShIMXjve1C406Rg==
